// !$*UTF8*$!
{
	archiveVersion = 1;
	classes = {
	};
	objectVersion = 50;
	objects = {

/* Begin PBXBuildFile section */
		1062444E24C5816C00B4B94A /* AddLazyCodeManager.swift in Sources */ = {isa = PBXBuildFile; fileRef = 1062444D24C5816C00B4B94A /* AddLazyCodeManager.swift */; };
		1062445124C581BE00B4B94A /* InitViewManager.swift in Sources */ = {isa = PBXBuildFile; fileRef = 1062445024C581BE00B4B94A /* InitViewManager.swift */; };
		1063BBDB24C917250025F7B2 /* HCEditorCommondHandler.swift in Sources */ = {isa = PBXBuildFile; fileRef = 1063BBDA24C917250025F7B2 /* HCEditorCommondHandler.swift */; };
		107A901424C6C03A00FA565A /* AddImportManager.swift in Sources */ = {isa = PBXBuildFile; fileRef = 107A901324C6C03A00FA565A /* AddImportManager.swift */; };
		10B2C79624C6D43A007B0648 /* HCXcodeToolsConstants.swift in Sources */ = {isa = PBXBuildFile; fileRef = 107A901124C59D4C00FA565A /* HCXcodeToolsConstants.swift */; };
		10C3391924C2C8AF0038F25E /* AppDelegate.swift in Sources */ = {isa = PBXBuildFile; fileRef = 10C3391824C2C8AF0038F25E /* AppDelegate.swift */; };
		10C3391B24C2C8AF0038F25E /* ViewController.swift in Sources */ = {isa = PBXBuildFile; fileRef = 10C3391A24C2C8AF0038F25E /* ViewController.swift */; };
		10C3391D24C2C8B20038F25E /* Assets.xcassets in Resources */ = {isa = PBXBuildFile; fileRef = 10C3391C24C2C8B20038F25E /* Assets.xcassets */; };
		10C3392024C2C8B20038F25E /* Main.storyboard in Resources */ = {isa = PBXBuildFile; fileRef = 10C3391E24C2C8B20038F25E /* Main.storyboard */; };
		10C3394724C2C9810038F25E /* Cocoa.framework in Frameworks */ = {isa = PBXBuildFile; fileRef = 10C3394624C2C9810038F25E /* Cocoa.framework */; };
		10C3394A24C2C9810038F25E /* SourceEditorExtension.swift in Sources */ = {isa = PBXBuildFile; fileRef = 10C3394924C2C9810038F25E /* SourceEditorExtension.swift */; };
		10C3394C24C2C9810038F25E /* SourceEditorCommand.swift in Sources */ = {isa = PBXBuildFile; fileRef = 10C3394B24C2C9810038F25E /* SourceEditorCommand.swift */; };
		10C3395124C2C9810038F25E /* HCXcodeTools.appex in Embed App Extensions */ = {isa = PBXBuildFile; fileRef = 10C3394424C2C9810038F25E /* HCXcodeTools.appex */; settings = {ATTRIBUTES = (RemoveHeadersOnCopy, ); }; };
		10C3395F24C56E330038F25E /* NSStringHelper.swift in Sources */ = {isa = PBXBuildFile; fileRef = 10C3395E24C56E330038F25E /* NSStringHelper.swift */; };
		10C3396124C56E4C0038F25E /* NSArrayHelper.swift in Sources */ = {isa = PBXBuildFile; fileRef = 10C3396024C56E4C0038F25E /* NSArrayHelper.swift */; };
		10CEC2A424D14EDA000838A2 /* SortImportsManager.swift in Sources */ = {isa = PBXBuildFile; fileRef = 10CEC2A324D14EDA000838A2 /* SortImportsManager.swift */; };
/* End PBXBuildFile section */

/* Begin PBXContainerItemProxy section */
		10C3394F24C2C9810038F25E /* PBXContainerItemProxy */ = {
			isa = PBXContainerItemProxy;
			containerPortal = 10C3390D24C2C8AF0038F25E /* Project object */;
			proxyType = 1;
			remoteGlobalIDString = 10C3394324C2C9810038F25E;
			remoteInfo = HCXcodeTools;
		};
/* End PBXContainerItemProxy section */

/* Begin PBXCopyFilesBuildPhase section */
		10C3393F24C2C9190038F25E /* Embed App Extensions */ = {
			isa = PBXCopyFilesBuildPhase;
			buildActionMask = 2147483647;
			dstPath = "";
			dstSubfolderSpec = 13;
			files = (
				10C3395124C2C9810038F25E /* HCXcodeTools.appex in Embed App Extensions */,
			);
			name = "Embed App Extensions";
			runOnlyForDeploymentPostprocessing = 0;
		};
/* End PBXCopyFilesBuildPhase section */

/* Begin PBXFileReference section */
		1062444D24C5816C00B4B94A /* AddLazyCodeManager.swift */ = {isa = PBXFileReference; lastKnownFileType = sourcecode.swift; path = AddLazyCodeManager.swift; sourceTree = "<group>"; };
		1062445024C581BE00B4B94A /* InitViewManager.swift */ = {isa = PBXFileReference; lastKnownFileType = sourcecode.swift; path = InitViewManager.swift; sourceTree = "<group>"; };
		1063BBDA24C917250025F7B2 /* HCEditorCommondHandler.swift */ = {isa = PBXFileReference; lastKnownFileType = sourcecode.swift; path = HCEditorCommondHandler.swift; sourceTree = "<group>"; };
		107A901124C59D4C00FA565A /* HCXcodeToolsConstants.swift */ = {isa = PBXFileReference; lastKnownFileType = sourcecode.swift; path = HCXcodeToolsConstants.swift; sourceTree = "<group>"; };
		107A901324C6C03A00FA565A /* AddImportManager.swift */ = {isa = PBXFileReference; lastKnownFileType = sourcecode.swift; path = AddImportManager.swift; sourceTree = "<group>"; };
		10B2C79724C6E965007B0648 /* XcodeKit.framework */ = {isa = PBXFileReference; lastKnownFileType = wrapper.framework; name = XcodeKit.framework; path = Library/Frameworks/XcodeKit.framework; sourceTree = DEVELOPER_DIR; };
		10C3391524C2C8AF0038F25E /* HCXcodeToolsExtension.app */ = {isa = PBXFileReference; explicitFileType = wrapper.application; includeInIndex = 0; path = HCXcodeToolsExtension.app; sourceTree = BUILT_PRODUCTS_DIR; };
		10C3391824C2C8AF0038F25E /* AppDelegate.swift */ = {isa = PBXFileReference; lastKnownFileType = sourcecode.swift; path = AppDelegate.swift; sourceTree = "<group>"; };
		10C3391A24C2C8AF0038F25E /* ViewController.swift */ = {isa = PBXFileReference; lastKnownFileType = sourcecode.swift; path = ViewController.swift; sourceTree = "<group>"; };
		10C3391C24C2C8B20038F25E /* Assets.xcassets */ = {isa = PBXFileReference; lastKnownFileType = folder.assetcatalog; path = Assets.xcassets; sourceTree = "<group>"; };
		10C3391F24C2C8B20038F25E /* Base */ = {isa = PBXFileReference; lastKnownFileType = file.storyboard; name = Base; path = Base.lproj/Main.storyboard; sourceTree = "<group>"; };
		10C3392124C2C8B20038F25E /* Info.plist */ = {isa = PBXFileReference; lastKnownFileType = text.plist.xml; path = Info.plist; sourceTree = "<group>"; };
		10C3392224C2C8B20038F25E /* HCXcodeToolsExtension.entitlements */ = {isa = PBXFileReference; lastKnownFileType = text.plist.entitlements; path = HCXcodeToolsExtension.entitlements; sourceTree = "<group>"; };
		10C3394424C2C9810038F25E /* HCXcodeTools.appex */ = {isa = PBXFileReference; explicitFileType = "wrapper.app-extension"; includeInIndex = 0; path = HCXcodeTools.appex; sourceTree = BUILT_PRODUCTS_DIR; };
		10C3394624C2C9810038F25E /* Cocoa.framework */ = {isa = PBXFileReference; lastKnownFileType = wrapper.framework; name = Cocoa.framework; path = System/Library/Frameworks/Cocoa.framework; sourceTree = SDKROOT; };
		10C3394924C2C9810038F25E /* SourceEditorExtension.swift */ = {isa = PBXFileReference; lastKnownFileType = sourcecode.swift; path = SourceEditorExtension.swift; sourceTree = "<group>"; };
		10C3394B24C2C9810038F25E /* SourceEditorCommand.swift */ = {isa = PBXFileReference; lastKnownFileType = sourcecode.swift; path = SourceEditorCommand.swift; sourceTree = "<group>"; };
		10C3394D24C2C9810038F25E /* Info.plist */ = {isa = PBXFileReference; lastKnownFileType = text.plist.xml; path = Info.plist; sourceTree = "<group>"; };
		10C3394E24C2C9810038F25E /* HCXcodeTools.entitlements */ = {isa = PBXFileReference; lastKnownFileType = text.plist.entitlements; path = HCXcodeTools.entitlements; sourceTree = "<group>"; };
		10C3395E24C56E330038F25E /* NSStringHelper.swift */ = {isa = PBXFileReference; lastKnownFileType = sourcecode.swift; path = NSStringHelper.swift; sourceTree = "<group>"; };
		10C3396024C56E4C0038F25E /* NSArrayHelper.swift */ = {isa = PBXFileReference; lastKnownFileType = sourcecode.swift; path = NSArrayHelper.swift; sourceTree = "<group>"; };
		10CEC2A324D14EDA000838A2 /* SortImportsManager.swift */ = {isa = PBXFileReference; lastKnownFileType = sourcecode.swift; path = SortImportsManager.swift; sourceTree = "<group>"; };
/* End PBXFileReference section */

/* Begin PBXFrameworksBuildPhase section */
		10C3391224C2C8AF0038F25E /* Frameworks */ = {
			isa = PBXFrameworksBuildPhase;
			buildActionMask = 2147483647;
			files = (
			);
			runOnlyForDeploymentPostprocessing = 0;
		};
		10C3394124C2C9810038F25E /* Frameworks */ = {
			isa = PBXFrameworksBuildPhase;
			buildActionMask = 2147483647;
			files = (
				10C3394724C2C9810038F25E /* Cocoa.framework in Frameworks */,
			);
			runOnlyForDeploymentPostprocessing = 0;
		};
/* End PBXFrameworksBuildPhase section */

/* Begin PBXGroup section */
		1062444F24C581B000B4B94A /* InitView */ = {
			isa = PBXGroup;
			children = (
				1062445024C581BE00B4B94A /* InitViewManager.swift */,
			);
			path = InitView;
			sourceTree = "<group>";
		};
		10C3390C24C2C8AF0038F25E = {
			isa = PBXGroup;
			children = (
				10C3391724C2C8AF0038F25E /* HCXcodeToolsExtension */,
				10C3394824C2C9810038F25E /* HCXcodeTools */,
				10C3394524C2C9810038F25E /* Frameworks */,
				10C3391624C2C8AF0038F25E /* Products */,
			);
			sourceTree = "<group>";
		};
		10C3391624C2C8AF0038F25E /* Products */ = {
			isa = PBXGroup;
			children = (
				10C3391524C2C8AF0038F25E /* HCXcodeToolsExtension.app */,
				10C3394424C2C9810038F25E /* HCXcodeTools.appex */,
			);
			name = Products;
			sourceTree = "<group>";
		};
		10C3391724C2C8AF0038F25E /* HCXcodeToolsExtension */ = {
			isa = PBXGroup;
			children = (
				10C3391824C2C8AF0038F25E /* AppDelegate.swift */,
				10C3391A24C2C8AF0038F25E /* ViewController.swift */,
				10C3391C24C2C8B20038F25E /* Assets.xcassets */,
				10C3391E24C2C8B20038F25E /* Main.storyboard */,
				10C3392124C2C8B20038F25E /* Info.plist */,
				10C3392224C2C8B20038F25E /* HCXcodeToolsExtension.entitlements */,
			);
			path = HCXcodeToolsExtension;
			sourceTree = "<group>";
		};
		10C3394524C2C9810038F25E /* Frameworks */ = {
			isa = PBXGroup;
			children = (
				10B2C79724C6E965007B0648 /* XcodeKit.framework */,
				10C3394624C2C9810038F25E /* Cocoa.framework */,
			);
			name = Frameworks;
			sourceTree = "<group>";
		};
		10C3394824C2C9810038F25E /* HCXcodeTools */ = {
			isa = PBXGroup;
			children = (
				107A901124C59D4C00FA565A /* HCXcodeToolsConstants.swift */,
				10C3394924C2C9810038F25E /* SourceEditorExtension.swift */,
				10C3394B24C2C9810038F25E /* SourceEditorCommand.swift */,
				1063BBDA24C917250025F7B2 /* HCEditorCommondHandler.swift */,
				1062444F24C581B000B4B94A /* InitView */,
				10C3395824C2FD820038F25E /* AddImport */,
				10C3395924C2FD820038F25E /* AddLazyCode */,
				10C3395624C2FD820038F25E /* SortImports */,
				10C3395724C2FD820038F25E /* Tools */,
				10C3394D24C2C9810038F25E /* Info.plist */,
				10C3394E24C2C9810038F25E /* HCXcodeTools.entitlements */,
			);
			path = HCXcodeTools;
			sourceTree = "<group>";
		};
		10C3395624C2FD820038F25E /* SortImports */ = {
			isa = PBXGroup;
			children = (
				10CEC2A324D14EDA000838A2 /* SortImportsManager.swift */,
			);
			path = SortImports;
			sourceTree = "<group>";
		};
		10C3395724C2FD820038F25E /* Tools */ = {
			isa = PBXGroup;
			children = (
				10C3395E24C56E330038F25E /* NSStringHelper.swift */,
				10C3396024C56E4C0038F25E /* NSArrayHelper.swift */,
			);
			path = Tools;
			sourceTree = "<group>";
		};
		10C3395824C2FD820038F25E /* AddImport */ = {
			isa = PBXGroup;
			children = (
				107A901324C6C03A00FA565A /* AddImportManager.swift */,
			);
			path = AddImport;
			sourceTree = "<group>";
		};
		10C3395924C2FD820038F25E /* AddLazyCode */ = {
			isa = PBXGroup;
			children = (
				1062444D24C5816C00B4B94A /* AddLazyCodeManager.swift */,
			);
			path = AddLazyCode;
			sourceTree = "<group>";
		};
/* End PBXGroup section */

/* Begin PBXNativeTarget section */
		10C3391424C2C8AF0038F25E /* HCXcodeToolsExtension */ = {
			isa = PBXNativeTarget;
			buildConfigurationList = 10C3392524C2C8B20038F25E /* Build configuration list for PBXNativeTarget "HCXcodeToolsExtension" */;
			buildPhases = (
				10C3391124C2C8AF0038F25E /* Sources */,
				10C3391224C2C8AF0038F25E /* Frameworks */,
				10C3391324C2C8AF0038F25E /* Resources */,
				10C3393F24C2C9190038F25E /* Embed App Extensions */,
			);
			buildRules = (
			);
			dependencies = (
				10C3395024C2C9810038F25E /* PBXTargetDependency */,
			);
			name = HCXcodeToolsExtension;
			productName = HCXcodeToolsExtension;
			productReference = 10C3391524C2C8AF0038F25E /* HCXcodeToolsExtension.app */;
			productType = "com.apple.product-type.application";
		};
		10C3394324C2C9810038F25E /* HCXcodeTools */ = {
			isa = PBXNativeTarget;
			buildConfigurationList = 10C3395224C2C9810038F25E /* Build configuration list for PBXNativeTarget "HCXcodeTools" */;
			buildPhases = (
				10C3394024C2C9810038F25E /* Sources */,
				10C3394124C2C9810038F25E /* Frameworks */,
				10C3394224C2C9810038F25E /* Resources */,
			);
			buildRules = (
			);
			dependencies = (
			);
			name = HCXcodeTools;
			productName = HCXcodeTools;
			productReference = 10C3394424C2C9810038F25E /* HCXcodeTools.appex */;
			productType = "com.apple.product-type.xcode-extension";
		};
/* End PBXNativeTarget section */

/* Begin PBXProject section */
		10C3390D24C2C8AF0038F25E /* Project object */ = {
			isa = PBXProject;
			attributes = {
				LastSwiftUpdateCheck = 1130;
				LastUpgradeCheck = 1130;
				ORGANIZATIONNAME = "贺超";
				TargetAttributes = {
					10C3391424C2C8AF0038F25E = {
						CreatedOnToolsVersion = 11.3.1;
						LastSwiftMigration = 1130;
					};
					10C3394324C2C9810038F25E = {
						CreatedOnToolsVersion = 11.3.1;
					};
				};
			};
			buildConfigurationList = 10C3391024C2C8AF0038F25E /* Build configuration list for PBXProject "HCXcodeToolsExtension" */;
			compatibilityVersion = "Xcode 9.3";
			developmentRegion = en;
			hasScannedForEncodings = 0;
			knownRegions = (
				en,
				Base,
			);
			mainGroup = 10C3390C24C2C8AF0038F25E;
			productRefGroup = 10C3391624C2C8AF0038F25E /* Products */;
			projectDirPath = "";
			projectRoot = "";
			targets = (
				10C3391424C2C8AF0038F25E /* HCXcodeToolsExtension */,
				10C3394324C2C9810038F25E /* HCXcodeTools */,
			);
		};
/* End PBXProject section */

/* Begin PBXResourcesBuildPhase section */
		10C3391324C2C8AF0038F25E /* Resources */ = {
			isa = PBXResourcesBuildPhase;
			buildActionMask = 2147483647;
			files = (
				10C3391D24C2C8B20038F25E /* Assets.xcassets in Resources */,
				10C3392024C2C8B20038F25E /* Main.storyboard in Resources */,
			);
			runOnlyForDeploymentPostprocessing = 0;
		};
		10C3394224C2C9810038F25E /* Resources */ = {
			isa = PBXResourcesBuildPhase;
			buildActionMask = 2147483647;
			files = (
			);
			runOnlyForDeploymentPostprocessing = 0;
		};
/* End PBXResourcesBuildPhase section */

/* Begin PBXSourcesBuildPhase section */
		10C3391124C2C8AF0038F25E /* Sources */ = {
			isa = PBXSourcesBuildPhase;
			buildActionMask = 2147483647;
			files = (
				10C3391B24C2C8AF0038F25E /* ViewController.swift in Sources */,
				10C3391924C2C8AF0038F25E /* AppDelegate.swift in Sources */,
			);
			runOnlyForDeploymentPostprocessing = 0;
		};
		10C3394024C2C9810038F25E /* Sources */ = {
			isa = PBXSourcesBuildPhase;
			buildActionMask = 2147483647;
			files = (
				107A901424C6C03A00FA565A /* AddImportManager.swift in Sources */,
				10C3394A24C2C9810038F25E /* SourceEditorExtension.swift in Sources */,
				10B2C79624C6D43A007B0648 /* HCXcodeToolsConstants.swift in Sources */,
				10C3396124C56E4C0038F25E /* NSArrayHelper.swift in Sources */,
				1062444E24C5816C00B4B94A /* AddLazyCodeManager.swift in Sources */,
				10C3394C24C2C9810038F25E /* SourceEditorCommand.swift in Sources */,
				10CEC2A424D14EDA000838A2 /* SortImportsManager.swift in Sources */,
				1062445124C581BE00B4B94A /* InitViewManager.swift in Sources */,
				10C3395F24C56E330038F25E /* NSStringHelper.swift in Sources */,
				1063BBDB24C917250025F7B2 /* HCEditorCommondHandler.swift in Sources */,
			);
			runOnlyForDeploymentPostprocessing = 0;
		};
/* End PBXSourcesBuildPhase section */

/* Begin PBXTargetDependency section */
		10C3395024C2C9810038F25E /* PBXTargetDependency */ = {
			isa = PBXTargetDependency;
			target = 10C3394324C2C9810038F25E /* HCXcodeTools */;
			targetProxy = 10C3394F24C2C9810038F25E /* PBXContainerItemProxy */;
		};
/* End PBXTargetDependency section */

/* Begin PBXVariantGroup section */
		10C3391E24C2C8B20038F25E /* Main.storyboard */ = {
			isa = PBXVariantGroup;
			children = (
				10C3391F24C2C8B20038F25E /* Base */,
			);
			name = Main.storyboard;
			sourceTree = "<group>";
		};
/* End PBXVariantGroup section */

/* Begin XCBuildConfiguration section */
		10C3392324C2C8B20038F25E /* Debug */ = {
			isa = XCBuildConfiguration;
			buildSettings = {
				ALWAYS_SEARCH_USER_PATHS = NO;
				CLANG_ANALYZER_NONNULL = YES;
				CLANG_ANALYZER_NUMBER_OBJECT_CONVERSION = YES_AGGRESSIVE;
				CLANG_CXX_LANGUAGE_STANDARD = "gnu++14";
				CLANG_CXX_LIBRARY = "libc++";
				CLANG_ENABLE_MODULES = YES;
				CLANG_ENABLE_OBJC_ARC = YES;
				CLANG_ENABLE_OBJC_WEAK = YES;
				CLANG_WARN_BLOCK_CAPTURE_AUTORELEASING = YES;
				CLANG_WARN_BOOL_CONVERSION = YES;
				CLANG_WARN_COMMA = YES;
				CLANG_WARN_CONSTANT_CONVERSION = YES;
				CLANG_WARN_DEPRECATED_OBJC_IMPLEMENTATIONS = YES;
				CLANG_WARN_DIRECT_OBJC_ISA_USAGE = YES_ERROR;
				CLANG_WARN_DOCUMENTATION_COMMENTS = YES;
				CLANG_WARN_EMPTY_BODY = YES;
				CLANG_WARN_ENUM_CONVERSION = YES;
				CLANG_WARN_INFINITE_RECURSION = YES;
				CLANG_WARN_INT_CONVERSION = YES;
				CLANG_WARN_NON_LITERAL_NULL_CONVERSION = YES;
				CLANG_WARN_OBJC_IMPLICIT_RETAIN_SELF = YES;
				CLANG_WARN_OBJC_LITERAL_CONVERSION = YES;
				CLANG_WARN_OBJC_ROOT_CLASS = YES_ERROR;
				CLANG_WARN_RANGE_LOOP_ANALYSIS = YES;
				CLANG_WARN_STRICT_PROTOTYPES = YES;
				CLANG_WARN_SUSPICIOUS_MOVE = YES;
				CLANG_WARN_UNGUARDED_AVAILABILITY = YES_AGGRESSIVE;
				CLANG_WARN_UNREACHABLE_CODE = YES;
				CLANG_WARN__DUPLICATE_METHOD_MATCH = YES;
				COPY_PHASE_STRIP = NO;
				DEBUG_INFORMATION_FORMAT = dwarf;
				ENABLE_STRICT_OBJC_MSGSEND = YES;
				ENABLE_TESTABILITY = YES;
				GCC_C_LANGUAGE_STANDARD = gnu11;
				GCC_DYNAMIC_NO_PIC = NO;
				GCC_NO_COMMON_BLOCKS = YES;
				GCC_OPTIMIZATION_LEVEL = 0;
				GCC_PREPROCESSOR_DEFINITIONS = (
					"DEBUG=1",
					"$(inherited)",
				);
				GCC_WARN_64_TO_32_BIT_CONVERSION = YES;
				GCC_WARN_ABOUT_RETURN_TYPE = YES_ERROR;
				GCC_WARN_UNDECLARED_SELECTOR = YES;
				GCC_WARN_UNINITIALIZED_AUTOS = YES_AGGRESSIVE;
				GCC_WARN_UNUSED_FUNCTION = YES;
				GCC_WARN_UNUSED_VARIABLE = YES;
				MACOSX_DEPLOYMENT_TARGET = 10.13;
				MTL_ENABLE_DEBUG_INFO = INCLUDE_SOURCE;
				MTL_FAST_MATH = YES;
				ONLY_ACTIVE_ARCH = YES;
				SDKROOT = macosx;
				SWIFT_ACTIVE_COMPILATION_CONDITIONS = DEBUG;
				SWIFT_OPTIMIZATION_LEVEL = "-Onone";
				SWIFT_VERSION = 5.0;
			};
			name = Debug;
		};
		10C3392424C2C8B20038F25E /* Release */ = {
			isa = XCBuildConfiguration;
			buildSettings = {
				ALWAYS_SEARCH_USER_PATHS = NO;
				CLANG_ANALYZER_NONNULL = YES;
				CLANG_ANALYZER_NUMBER_OBJECT_CONVERSION = YES_AGGRESSIVE;
				CLANG_CXX_LANGUAGE_STANDARD = "gnu++14";
				CLANG_CXX_LIBRARY = "libc++";
				CLANG_ENABLE_MODULES = YES;
				CLANG_ENABLE_OBJC_ARC = YES;
				CLANG_ENABLE_OBJC_WEAK = YES;
				CLANG_WARN_BLOCK_CAPTURE_AUTORELEASING = YES;
				CLANG_WARN_BOOL_CONVERSION = YES;
				CLANG_WARN_COMMA = YES;
				CLANG_WARN_CONSTANT_CONVERSION = YES;
				CLANG_WARN_DEPRECATED_OBJC_IMPLEMENTATIONS = YES;
				CLANG_WARN_DIRECT_OBJC_ISA_USAGE = YES_ERROR;
				CLANG_WARN_DOCUMENTATION_COMMENTS = YES;
				CLANG_WARN_EMPTY_BODY = YES;
				CLANG_WARN_ENUM_CONVERSION = YES;
				CLANG_WARN_INFINITE_RECURSION = YES;
				CLANG_WARN_INT_CONVERSION = YES;
				CLANG_WARN_NON_LITERAL_NULL_CONVERSION = YES;
				CLANG_WARN_OBJC_IMPLICIT_RETAIN_SELF = YES;
				CLANG_WARN_OBJC_LITERAL_CONVERSION = YES;
				CLANG_WARN_OBJC_ROOT_CLASS = YES_ERROR;
				CLANG_WARN_RANGE_LOOP_ANALYSIS = YES;
				CLANG_WARN_STRICT_PROTOTYPES = YES;
				CLANG_WARN_SUSPICIOUS_MOVE = YES;
				CLANG_WARN_UNGUARDED_AVAILABILITY = YES_AGGRESSIVE;
				CLANG_WARN_UNREACHABLE_CODE = YES;
				CLANG_WARN__DUPLICATE_METHOD_MATCH = YES;
				COPY_PHASE_STRIP = NO;
				DEBUG_INFORMATION_FORMAT = "dwarf-with-dsym";
				ENABLE_NS_ASSERTIONS = NO;
				ENABLE_STRICT_OBJC_MSGSEND = YES;
				GCC_C_LANGUAGE_STANDARD = gnu11;
				GCC_NO_COMMON_BLOCKS = YES;
				GCC_WARN_64_TO_32_BIT_CONVERSION = YES;
				GCC_WARN_ABOUT_RETURN_TYPE = YES_ERROR;
				GCC_WARN_UNDECLARED_SELECTOR = YES;
				GCC_WARN_UNINITIALIZED_AUTOS = YES_AGGRESSIVE;
				GCC_WARN_UNUSED_FUNCTION = YES;
				GCC_WARN_UNUSED_VARIABLE = YES;
				MACOSX_DEPLOYMENT_TARGET = 10.13;
				MTL_ENABLE_DEBUG_INFO = NO;
				MTL_FAST_MATH = YES;
				SDKROOT = macosx;
				SWIFT_COMPILATION_MODE = wholemodule;
				SWIFT_OPTIMIZATION_LEVEL = "-O";
				SWIFT_VERSION = 5.0;
			};
			name = Release;
		};
		10C3392624C2C8B20038F25E /* Debug */ = {
			isa = XCBuildConfiguration;
			buildSettings = {
				ALWAYS_EMBED_SWIFT_STANDARD_LIBRARIES = YES;
				ASSETCATALOG_COMPILER_APPICON_NAME = AppIcon;
				CLANG_ENABLE_MODULES = YES;
				CODE_SIGN_ENTITLEMENTS = HCXcodeToolsExtension/HCXcodeToolsExtension.entitlements;
				CODE_SIGN_IDENTITY = "Apple Development";
				CODE_SIGN_STYLE = Automatic;
				COMBINE_HIDPI_IMAGES = YES;
				DEVELOPMENT_TEAM = 7J8EXVM7J2;
				ENABLE_HARDENED_RUNTIME = YES;
				INFOPLIST_FILE = HCXcodeToolsExtension/Info.plist;
				LD_RUNPATH_SEARCH_PATHS = (
					"$(inherited)",
					"@executable_path/../Frameworks",
				);
				MACOSX_DEPLOYMENT_TARGET = 10.13;
				PRODUCT_BUNDLE_IDENTIFIER = com.he.HCXcodeToolsExtension;
				PRODUCT_NAME = "$(TARGET_NAME)";
				SWIFT_OBJC_BRIDGING_HEADER = "";
				SWIFT_OPTIMIZATION_LEVEL = "-Onone";
				SWIFT_VERSION = 5.0;
			};
			name = Debug;
		};
		10C3392724C2C8B20038F25E /* Release */ = {
			isa = XCBuildConfiguration;
			buildSettings = {
				ALWAYS_EMBED_SWIFT_STANDARD_LIBRARIES = YES;
				ASSETCATALOG_COMPILER_APPICON_NAME = AppIcon;
				CLANG_ENABLE_MODULES = YES;
				CODE_SIGN_ENTITLEMENTS = HCXcodeToolsExtension/HCXcodeToolsExtension.entitlements;
				CODE_SIGN_IDENTITY = "Apple Development";
				CODE_SIGN_STYLE = Automatic;
				COMBINE_HIDPI_IMAGES = YES;
				DEVELOPMENT_TEAM = 7J8EXVM7J2;
				ENABLE_HARDENED_RUNTIME = YES;
				INFOPLIST_FILE = HCXcodeToolsExtension/Info.plist;
				LD_RUNPATH_SEARCH_PATHS = (
					"$(inherited)",
					"@executable_path/../Frameworks",
				);
				MACOSX_DEPLOYMENT_TARGET = 10.13;
				PRODUCT_BUNDLE_IDENTIFIER = com.he.HCXcodeToolsExtension;
				PRODUCT_NAME = "$(TARGET_NAME)";
				SWIFT_OBJC_BRIDGING_HEADER = "";
				SWIFT_VERSION = 5.0;
			};
			name = Release;
		};
		10C3395324C2C9810038F25E /* Debug */ = {
			isa = XCBuildConfiguration;
			buildSettings = {
				CODE_SIGN_ENTITLEMENTS = HCXcodeTools/HCXcodeTools.entitlements;
				CODE_SIGN_IDENTITY = "Apple Development";
				CODE_SIGN_STYLE = Automatic;
				COMBINE_HIDPI_IMAGES = YES;
				DEVELOPMENT_TEAM = 7J8EXVM7J2;
				ENABLE_HARDENED_RUNTIME = YES;
				INFOPLIST_FILE = HCXcodeTools/Info.plist;
				LD_RUNPATH_SEARCH_PATHS = (
					"$(inherited)",
					"@executable_path/../Frameworks",
					"@executable_path/../../../../Frameworks",
				);
				MACOSX_DEPLOYMENT_TARGET = 10.13;
				PRODUCT_BUNDLE_IDENTIFIER = com.he.HCXcodeToolsExtension.HCXcodeTools;
				PRODUCT_NAME = "$(TARGET_NAME)";
				SKIP_INSTALL = YES;
				SWIFT_VERSION = 5.0;
			};
			name = Debug;
		};
		10C3395424C2C9810038F25E /* Release */ = {
			isa = XCBuildConfiguration;
			buildSettings = {
				CODE_SIGN_ENTITLEMENTS = HCXcodeTools/HCXcodeTools.entitlements;
				CODE_SIGN_IDENTITY = "Apple Development";
				CODE_SIGN_STYLE = Automatic;
				COMBINE_HIDPI_IMAGES = YES;
				DEVELOPMENT_TEAM = 7J8EXVM7J2;
				ENABLE_HARDENED_RUNTIME = YES;
				INFOPLIST_FILE = HCXcodeTools/Info.plist;
				LD_RUNPATH_SEARCH_PATHS = (
					"$(inherited)",
					"@executable_path/../Frameworks",
					"@executable_path/../../../../Frameworks",
				);
				MACOSX_DEPLOYMENT_TARGET = 10.13;
				PRODUCT_BUNDLE_IDENTIFIER = com.he.HCXcodeToolsExtension.HCXcodeTools;
				PRODUCT_NAME = "$(TARGET_NAME)";
				SKIP_INSTALL = YES;
				SWIFT_VERSION = 5.0;
			};
			name = Release;
		};
/* End XCBuildConfiguration section */

/* Begin XCConfigurationList section */
		10C3391024C2C8AF0038F25E /* Build configuration list for PBXProject "HCXcodeToolsExtension" */ = {
			isa = XCConfigurationList;
			buildConfigurations = (
				10C3392324C2C8B20038F25E /* Debug */,
				10C3392424C2C8B20038F25E /* Release */,
			);
			defaultConfigurationIsVisible = 0;
			defaultConfigurationName = Release;
		};
		10C3392524C2C8B20038F25E /* Build configuration list for PBXNativeTarget "HCXcodeToolsExtension" */ = {
			isa = XCConfigurationList;
			buildConfigurations = (
				10C3392624C2C8B20038F25E /* Debug */,
				10C3392724C2C8B20038F25E /* Release */,
			);
			defaultConfigurationIsVisible = 0;
			defaultConfigurationName = Release;
		};
		10C3395224C2C9810038F25E /* Build configuration list for PBXNativeTarget "HCXcodeTools" */ = {
			isa = XCConfigurationList;
			buildConfigurations = (
				10C3395324C2C9810038F25E /* Debug */,
				10C3395424C2C9810038F25E /* Release */,
			);
			defaultConfigurationIsVisible = 0;
			defaultConfigurationName = Release;
		};
/* End XCConfigurationList section */
	};
	rootObject = 10C3390D24C2C8AF0038F25E /* Project object */;
}
